
Microsoft Visual Studio Solution File, Format Version 12.00
# Visual Studio Version 16
VisualStudioVersion = 16.0.29509.3
MinimumVisualStudioVersion = 10.0.40219.1
Project("{9A19103F-16F7-4668-BE54-9A1E7A4F7556}") = "Class box data", "Class box data\Class box data.csproj", "{B8067C4E-C0D8-47C6-BFFB-E0EA65080B24}"
EndProject
Project("{FAE04EC0-301F-11D3-BF4B-00C04F79EFBC}") = "ShoppingSpree", "ShoppingSpree\ShoppingSpree.csproj", "{0F261D5D-D1AB-45CE-96E6-2434246F913A}"
EndProject
Global
	GlobalSection(SolutionConfigurationPlatforms) = preSolution
		Debug|Any CPU = Debug|Any CPU
		Release|Any CPU = Release|Any CPU
	EndGlobalSection
	GlobalSection(ProjectConfigurationPlatforms) = postSolution
		{B8067C4E-C0D8-47C6-BFFB-E0EA65080B24}.Debug|Any CPU.ActiveCfg = Debug|Any CPU
		{B8067C4E-C0D8-47C6-BFFB-E0EA65080B24}.Debug|Any CPU.Build.0 = Debug|Any CPU
		{B8067C4E-C0D8-47C6-BFFB-E0EA65080B24}.Release|Any CPU.ActiveCfg = Release|Any CPU
		{B8067C4E-C0D8-47C6-BFFB-E0EA65080B24}.Release|Any CPU.Build.0 = Release|Any CPU
		{0F261D5D-D1AB-45CE-96E6-2434246F913A}.Debug|Any CPU.ActiveCfg = Debug|Any CPU
		{0F261D5D-D1AB-45CE-96E6-2434246F913A}.Debug|Any CPU.Build.0 = Debug|Any CPU
		{0F261D5D-D1AB-45CE-96E6-2434246F913A}.Release|Any CPU.ActiveCfg = Release|Any CPU
		{0F261D5D-D1AB-45CE-96E6-2434246F913A}.Release|Any CPU.Build.0 = Release|Any CPU
	EndGlobalSection
	GlobalSection(SolutionProperties) = preSolution
		HideSolutionNode = FALSE
	EndGlobalSection
	GlobalSection(ExtensibilityGlobals) = postSolution
		SolutionGuid = {12432C9D-77A3-4C28-B43C-EBCF698C1ABC}
	EndGlobalSection
EndGlobal
